// !$*UTF8*$!
{
	archiveVersion = 1;
	classes = {
	};
	objectVersion = 46;
	objects = {

/* Begin PBXBuildFile section */
		C7365EFB1F06F4DC00F7AFF3 /* AppDelegate.swift in Sources */ = {isa = PBXBuildFile; fileRef = C7365EFA1F06F4DC00F7AFF3 /* AppDelegate.swift */; };
		C7365EFD1F06F4DC00F7AFF3 /* ViewController.swift in Sources */ = {isa = PBXBuildFile; fileRef = C7365EFC1F06F4DC00F7AFF3 /* ViewController.swift */; };
		C7365F001F06F4DC00F7AFF3 /* Main.storyboard in Resources */ = {isa = PBXBuildFile; fileRef = C7365EFE1F06F4DC00F7AFF3 /* Main.storyboard */; };
		C7365F021F06F4DC00F7AFF3 /* Assets.xcassets in Resources */ = {isa = PBXBuildFile; fileRef = C7365F011F06F4DC00F7AFF3 /* Assets.xcassets */; };
		C7365F051F06F4DC00F7AFF3 /* LaunchScreen.storyboard in Resources */ = {isa = PBXBuildFile; fileRef = C7365F031F06F4DC00F7AFF3 /* LaunchScreen.storyboard */; };
		C7365F101F06F4DC00F7AFF3 /* happyCatTests.swift in Sources */ = {isa = PBXBuildFile; fileRef = C7365F0F1F06F4DC00F7AFF3 /* happyCatTests.swift */; };
		C7365F1B1F06F4DC00F7AFF3 /* happyCatUITests.swift in Sources */ = {isa = PBXBuildFile; fileRef = C7365F1A1F06F4DC00F7AFF3 /* happyCatUITests.swift */; };
/* End PBXBuildFile section */

/* Begin PBXContainerItemProxy section */
		C7365F0C1F06F4DC00F7AFF3 /* PBXContainerItemProxy */ = {
			isa = PBXContainerItemProxy;
			containerPortal = C7365EEF1F06F4DC00F7AFF3 /* Project object */;
			proxyType = 1;
			remoteGlobalIDString = C7365EF61F06F4DC00F7AFF3;
			remoteInfo = happyCat;
		};
		C7365F171F06F4DC00F7AFF3 /* PBXContainerItemProxy */ = {
			isa = PBXContainerItemProxy;
			containerPortal = C7365EEF1F06F4DC00F7AFF3 /* Project object */;
			proxyType = 1;
			remoteGlobalIDString = C7365EF61F06F4DC00F7AFF3;
			remoteInfo = happyCat;
		};
/* End PBXContainerItemProxy section */

/* Begin PBXFileReference section */
		C7365EF71F06F4DC00F7AFF3 /* happyCat.app */ = {isa = PBXFileReference; explicitFileType = wrapper.application; includeInIndex = 0; path = happyCat.app; sourceTree = BUILT_PRODUCTS_DIR; };
		C7365EFA1F06F4DC00F7AFF3 /* AppDelegate.swift */ = {isa = PBXFileReference; lastKnownFileType = sourcecode.swift; path = AppDelegate.swift; sourceTree = "<group>"; };
		C7365EFC1F06F4DC00F7AFF3 /* ViewController.swift */ = {isa = PBXFileReference; lastKnownFileType = sourcecode.swift; path = ViewController.swift; sourceTree = "<group>"; };
		C7365EFF1F06F4DC00F7AFF3 /* Base */ = {isa = PBXFileReference; lastKnownFileType = file.storyboard; name = Base; path = Base.lproj/Main.storyboard; sourceTree = "<group>"; };
		C7365F011F06F4DC00F7AFF3 /* Assets.xcassets */ = {isa = PBXFileReference; lastKnownFileType = folder.assetcatalog; path = Assets.xcassets; sourceTree = "<group>"; };
		C7365F041F06F4DC00F7AFF3 /* Base */ = {isa = PBXFileReference; lastKnownFileType = file.storyboard; name = Base; path = Base.lproj/LaunchScreen.storyboard; sourceTree = "<group>"; };
		C7365F061F06F4DC00F7AFF3 /* Info.plist */ = {isa = PBXFileReference; lastKnownFileType = text.plist.xml; path = Info.plist; sourceTree = "<group>"; };
		C7365F0B1F06F4DC00F7AFF3 /* happyCatTests.xctest */ = {isa = PBXFileReference; explicitFileType = wrapper.cfbundle; includeInIndex = 0; path = happyCatTests.xctest; sourceTree = BUILT_PRODUCTS_DIR; };
		C7365F0F1F06F4DC00F7AFF3 /* happyCatTests.swift */ = {isa = PBXFileReference; lastKnownFileType = sourcecode.swift; path = happyCatTests.swift; sourceTree = "<group>"; };
		C7365F111F06F4DC00F7AFF3 /* Info.plist */ = {isa = PBXFileReference; lastKnownFileType = text.plist.xml; path = Info.plist; sourceTree = "<group>"; };
		C7365F161F06F4DC00F7AFF3 /* happyCatUITests.xctest */ = {isa = PBXFileReference; explicitFileType = wrapper.cfbundle; includeInIndex = 0; path = happyCatUITests.xctest; sourceTree = BUILT_PRODUCTS_DIR; };
		C7365F1A1F06F4DC00F7AFF3 /* happyCatUITests.swift */ = {isa = PBXFileReference; lastKnownFileType = sourcecode.swift; path = happyCatUITests.swift; sourceTree = "<group>"; };
		C7365F1C1F06F4DC00F7AFF3 /* Info.plist */ = {isa = PBXFileReference; lastKnownFileType = text.plist.xml; path = Info.plist; sourceTree = "<group>"; };
/* End PBXFileReference section */

/* Begin PBXFrameworksBuildPhase section */
		C7365EF41F06F4DC00F7AFF3 /* Frameworks */ = {
			isa = PBXFrameworksBuildPhase;
			buildActionMask = 2147483647;
			files = (
			);
			runOnlyForDeploymentPostprocessing = 0;
		};
		C7365F081F06F4DC00F7AFF3 /* Frameworks */ = {
			isa = PBXFrameworksBuildPhase;
			buildActionMask = 2147483647;
			files = (
			);
			runOnlyForDeploymentPostprocessing = 0;
		};
		C7365F131F06F4DC00F7AFF3 /* Frameworks */ = {
			isa = PBXFrameworksBuildPhase;
			buildActionMask = 2147483647;
			files = (
			);
			runOnlyForDeploymentPostprocessing = 0;
		};
/* End PBXFrameworksBuildPhase section */

/* Begin PBXGroup section */
		C7365EEE1F06F4DC00F7AFF3 = {
			isa = PBXGroup;
			children = (
				C7365EF91F06F4DC00F7AFF3 /* happyCat */,
				C7365F0E1F06F4DC00F7AFF3 /* happyCatTests */,
				C7365F191F06F4DC00F7AFF3 /* happyCatUITests */,
				C7365EF81F06F4DC00F7AFF3 /* Products */,
			);
			sourceTree = "<group>";
		};
		C7365EF81F06F4DC00F7AFF3 /* Products */ = {
			isa = PBXGroup;
			children = (
				C7365EF71F06F4DC00F7AFF3 /* happyCat.app */,
				C7365F0B1F06F4DC00F7AFF3 /* happyCatTests.xctest */,
				C7365F161F06F4DC00F7AFF3 /* happyCatUITests.xctest */,
			);
			name = Products;
			sourceTree = "<group>";
		};
		C7365EF91F06F4DC00F7AFF3 /* happyCat */ = {
			isa = PBXGroup;
			children = (
				C7365EFA1F06F4DC00F7AFF3 /* AppDelegate.swift */,
				C7365EFC1F06F4DC00F7AFF3 /* ViewController.swift */,
				C7365EFE1F06F4DC00F7AFF3 /* Main.storyboard */,
				C7365F011F06F4DC00F7AFF3 /* Assets.xcassets */,
				C7365F031F06F4DC00F7AFF3 /* LaunchScreen.storyboard */,
				C7365F061F06F4DC00F7AFF3 /* Info.plist */,
			);
			path = happyCat;
			sourceTree = "<group>";
		};
		C7365F0E1F06F4DC00F7AFF3 /* happyCatTests */ = {
			isa = PBXGroup;
			children = (
				C7365F0F1F06F4DC00F7AFF3 /* happyCatTests.swift */,
				C7365F111F06F4DC00F7AFF3 /* Info.plist */,
			);
			path = happyCatTests;
			sourceTree = "<group>";
		};
		C7365F191F06F4DC00F7AFF3 /* happyCatUITests */ = {
			isa = PBXGroup;
			children = (
				C7365F1A1F06F4DC00F7AFF3 /* happyCatUITests.swift */,
				C7365F1C1F06F4DC00F7AFF3 /* Info.plist */,
			);
			path = happyCatUITests;
			sourceTree = "<group>";
		};
/* End PBXGroup section */

/* Begin PBXNativeTarget section */
		C7365EF61F06F4DC00F7AFF3 /* happyCat */ = {
			isa = PBXNativeTarget;
			buildConfigurationList = C7365F1F1F06F4DC00F7AFF3 /* Build configuration list for PBXNativeTarget "happyCat" */;
			buildPhases = (
				C7365EF31F06F4DC00F7AFF3 /* Sources */,
				C7365EF41F06F4DC00F7AFF3 /* Frameworks */,
				C7365EF51F06F4DC00F7AFF3 /* Resources */,
			);
			buildRules = (
			);
			dependencies = (
			);
			name = happyCat;
			productName = happyCat;
			productReference = C7365EF71F06F4DC00F7AFF3 /* happyCat.app */;
			productType = "com.apple.product-type.application";
		};
		C7365F0A1F06F4DC00F7AFF3 /* happyCatTests */ = {
			isa = PBXNativeTarget;
			buildConfigurationList = C7365F221F06F4DC00F7AFF3 /* Build configuration list for PBXNativeTarget "happyCatTests" */;
			buildPhases = (
				C7365F071F06F4DC00F7AFF3 /* Sources */,
				C7365F081F06F4DC00F7AFF3 /* Frameworks */,
				C7365F091F06F4DC00F7AFF3 /* Resources */,
			);
			buildRules = (
			);
			dependencies = (
				C7365F0D1F06F4DC00F7AFF3 /* PBXTargetDependency */,
			);
			name = happyCatTests;
			productName = happyCatTests;
			productReference = C7365F0B1F06F4DC00F7AFF3 /* happyCatTests.xctest */;
			productType = "com.apple.product-type.bundle.unit-test";
		};
		C7365F151F06F4DC00F7AFF3 /* happyCatUITests */ = {
			isa = PBXNativeTarget;
			buildConfigurationList = C7365F251F06F4DC00F7AFF3 /* Build configuration list for PBXNativeTarget "happyCatUITests" */;
			buildPhases = (
				C7365F121F06F4DC00F7AFF3 /* Sources */,
				C7365F131F06F4DC00F7AFF3 /* Frameworks */,
				C7365F141F06F4DC00F7AFF3 /* Resources */,
			);
			buildRules = (
			);
			dependencies = (
				C7365F181F06F4DC00F7AFF3 /* PBXTargetDependency */,
			);
			name = happyCatUITests;
			productName = happyCatUITests;
			productReference = C7365F161F06F4DC00F7AFF3 /* happyCatUITests.xctest */;
			productType = "com.apple.product-type.bundle.ui-testing";
		};
/* End PBXNativeTarget section */

/* Begin PBXProject section */
		C7365EEF1F06F4DC00F7AFF3 /* Project object */ = {
			isa = PBXProject;
			attributes = {
				LastSwiftUpdateCheck = 0830;
				LastUpgradeCheck = 0830;
				ORGANIZATIONNAME = "James Jensen";
				TargetAttributes = {
					C7365EF61F06F4DC00F7AFF3 = {
						CreatedOnToolsVersion = 8.3.2;
						ProvisioningStyle = Automatic;
					};
					C7365F0A1F06F4DC00F7AFF3 = {
						CreatedOnToolsVersion = 8.3.2;
						ProvisioningStyle = Automatic;
						TestTargetID = C7365EF61F06F4DC00F7AFF3;
					};
					C7365F151F06F4DC00F7AFF3 = {
						CreatedOnToolsVersion = 8.3.2;
						ProvisioningStyle = Automatic;
						TestTargetID = C7365EF61F06F4DC00F7AFF3;
					};
				};
			};
			buildConfigurationList = C7365EF21F06F4DC00F7AFF3 /* Build configuration list for PBXProject "happyCat" */;
			compatibilityVersion = "Xcode 3.2";
			developmentRegion = English;
			hasScannedForEncodings = 0;
			knownRegions = (
				en,
				Base,
			);
			mainGroup = C7365EEE1F06F4DC00F7AFF3;
			productRefGroup = C7365EF81F06F4DC00F7AFF3 /* Products */;
			projectDirPath = "";
			projectRoot = "";
			targets = (
				C7365EF61F06F4DC00F7AFF3 /* happyCat */,
				C7365F0A1F06F4DC00F7AFF3 /* happyCatTests */,
				C7365F151F06F4DC00F7AFF3 /* happyCatUITests */,
			);
		};
/* End PBXProject section */

/* Begin PBXResourcesBuildPhase section */
		C7365EF51F06F4DC00F7AFF3 /* Resources */ = {
			isa = PBXResourcesBuildPhase;
			buildActionMask = 2147483647;
			files = (
				C7365F051F06F4DC00F7AFF3 /* LaunchScreen.storyboard in Resources */,
				C7365F021F06F4DC00F7AFF3 /* Assets.xcassets in Resources */,
				C7365F001F06F4DC00F7AFF3 /* Main.storyboard in Resources */,
			);
			runOnlyForDeploymentPostprocessing = 0;
		};
		C7365F091F06F4DC00F7AFF3 /* Resources */ = {
			isa = PBXResourcesBuildPhase;
			buildActionMask = 2147483647;
			files = (
			);
			runOnlyForDeploymentPostprocessing = 0;
		};
		C7365F141F06F4DC00F7AFF3 /* Resources */ = {
			isa = PBXResourcesBuildPhase;
			buildActionMask = 2147483647;
			files = (
			);
			runOnlyForDeploymentPostprocessing = 0;
		};
/* End PBXResourcesBuildPhase section */

/* Begin PBXSourcesBuildPhase section */
		C7365EF31F06F4DC00F7AFF3 /* Sources */ = {
			isa = PBXSourcesBuildPhase;
			buildActionMask = 2147483647;
			files = (
				C7365EFD1F06F4DC00F7AFF3 /* ViewController.swift in Sources */,
				C7365EFB1F06F4DC00F7AFF3 /* AppDelegate.swift in Sources */,
			);
			runOnlyForDeploymentPostprocessing = 0;
		};
		C7365F071F06F4DC00F7AFF3 /* Sources */ = {
			isa = PBXSourcesBuildPhase;
			buildActionMask = 2147483647;
			files = (
				C7365F101F06F4DC00F7AFF3 /* happyCatTests.swift in Sources */,
			);
			runOnlyForDeploymentPostprocessing = 0;
		};
		C7365F121F06F4DC00F7AFF3 /* Sources */ = {
			isa = PBXSourcesBuildPhase;
			buildActionMask = 2147483647;
			files = (
				C7365F1B1F06F4DC00F7AFF3 /* happyCatUITests.swift in Sources */,
			);
			runOnlyForDeploymentPostprocessing = 0;
		};
/* End PBXSourcesBuildPhase section */

/* Begin PBXTargetDependency section */
		C7365F0D1F06F4DC00F7AFF3 /* PBXTargetDependency */ = {
			isa = PBXTargetDependency;
			target = C7365EF61F06F4DC00F7AFF3 /* happyCat */;
			targetProxy = C7365F0C1F06F4DC00F7AFF3 /* PBXContainerItemProxy */;
		};
		C7365F181F06F4DC00F7AFF3 /* PBXTargetDependency */ = {
			isa = PBXTargetDependency;
			target = C7365EF61F06F4DC00F7AFF3 /* happyCat */;
			targetProxy = C7365F171F06F4DC00F7AFF3 /* PBXContainerItemProxy */;
		};
/* End PBXTargetDependency section */

/* Begin PBXVariantGroup section */
		C7365EFE1F06F4DC00F7AFF3 /* Main.storyboard */ = {
			isa = PBXVariantGroup;
			children = (
				C7365EFF1F06F4DC00F7AFF3 /* Base */,
			);
			name = Main.storyboard;
			sourceTree = "<group>";
		};
		C7365F031F06F4DC00F7AFF3 /* LaunchScreen.storyboard */ = {
			isa = PBXVariantGroup;
			children = (
				C7365F041F06F4DC00F7AFF3 /* Base */,
			);
			name = LaunchScreen.storyboard;
			sourceTree = "<group>";
		};
/* End PBXVariantGroup section */

/* Begin XCBuildConfiguration section */
		C7365F1D1F06F4DC00F7AFF3 /* Debug */ = {
			isa = XCBuildConfiguration;
			buildSettings = {
				ALWAYS_SEARCH_USER_PATHS = NO;
				CLANG_ANALYZER_NONNULL = YES;
				CLANG_ANALYZER_NUMBER_OBJECT_CONVERSION = YES_AGGRESSIVE;
				CLANG_CXX_LANGUAGE_STANDARD = "gnu++0x";
				CLANG_CXX_LIBRARY = "libc++";
				CLANG_ENABLE_MODULES = YES;
				CLANG_ENABLE_OBJC_ARC = YES;
				CLANG_WARN_BOOL_CONVERSION = YES;
				CLANG_WARN_CONSTANT_CONVERSION = YES;
				CLANG_WARN_DIRECT_OBJC_ISA_USAGE = YES_ERROR;
				CLANG_WARN_DOCUMENTATION_COMMENTS = YES;
				CLANG_WARN_EMPTY_BODY = YES;
				CLANG_WARN_ENUM_CONVERSION = YES;
				CLANG_WARN_INFINITE_RECURSION = YES;
				CLANG_WARN_INT_CONVERSION = YES;
				CLANG_WARN_OBJC_ROOT_CLASS = YES_ERROR;
				CLANG_WARN_SUSPICIOUS_MOVE = YES;
				CLANG_WARN_UNREACHABLE_CODE = YES;
				CLANG_WARN__DUPLICATE_METHOD_MATCH = YES;
				"CODE_SIGN_IDENTITY[sdk=iphoneos*]" = "iPhone Developer";
				COPY_PHASE_STRIP = NO;
				DEBUG_INFORMATION_FORMAT = dwarf;
				ENABLE_STRICT_OBJC_MSGSEND = YES;
				ENABLE_TESTABILITY = YES;
				GCC_C_LANGUAGE_STANDARD = gnu99;
				GCC_DYNAMIC_NO_PIC = NO;
				GCC_NO_COMMON_BLOCKS = YES;
				GCC_OPTIMIZATION_LEVEL = 0;
				GCC_PREPROCESSOR_DEFINITIONS = (
					"DEBUG=1",
					"$(inherited)",
				);
				GCC_WARN_64_TO_32_BIT_CONVERSION = YES;
				GCC_WARN_ABOUT_RETURN_TYPE = YES_ERROR;
				GCC_WARN_UNDECLARED_SELECTOR = YES;
				GCC_WARN_UNINITIALIZED_AUTOS = YES_AGGRESSIVE;
				GCC_WARN_UNUSED_FUNCTION = YES;
				GCC_WARN_UNUSED_VARIABLE = YES;
				IPHONEOS_DEPLOYMENT_TARGET = 10.3;
				MTL_ENABLE_DEBUG_INFO = YES;
				ONLY_ACTIVE_ARCH = YES;
				SDKROOT = iphoneos;
				SWIFT_ACTIVE_COMPILATION_CONDITIONS = DEBUG;
				SWIFT_OPTIMIZATION_LEVEL = "-Onone";
				TARGETED_DEVICE_FAMILY = "1,2";
			};
			name = Debug;
		};
		C7365F1E1F06F4DC00F7AFF3 /* Release */ = {
			isa = XCBuildConfiguration;
			buildSettings = {
				ALWAYS_SEARCH_USER_PATHS = NO;
				CLANG_ANALYZER_NONNULL = YES;
				CLANG_ANALYZER_NUMBER_OBJECT_CONVERSION = YES_AGGRESSIVE;
				CLANG_CXX_LANGUAGE_STANDARD = "gnu++0x";
				CLANG_CXX_LIBRARY = "libc++";
				CLANG_ENABLE_MODULES = YES;
				CLANG_ENABLE_OBJC_ARC = YES;
				CLANG_WARN_BOOL_CONVERSION = YES;
				CLANG_WARN_CONSTANT_CONVERSION = YES;
				CLANG_WARN_DIRECT_OBJC_ISA_USAGE = YES_ERROR;
				CLANG_WARN_DOCUMENTATION_COMMENTS = YES;
				CLANG_WARN_EMPTY_BODY = YES;
				CLANG_WARN_ENUM_CONVERSION = YES;
				CLANG_WARN_INFINITE_RECURSION = YES;
				CLANG_WARN_INT_CONVERSION = YES;
				CLANG_WARN_OBJC_ROOT_CLASS = YES_ERROR;
				CLANG_WARN_SUSPICIOUS_MOVE = YES;
				CLANG_WARN_UNREACHABLE_CODE = YES;
				CLANG_WARN__DUPLICATE_METHOD_MATCH = YES;
				"CODE_SIGN_IDENTITY[sdk=iphoneos*]" = "iPhone Developer";
				COPY_PHASE_STRIP = NO;
				DEBUG_INFORMATION_FORMAT = "dwarf-with-dsym";
				ENABLE_NS_ASSERTIONS = NO;
				ENABLE_STRICT_OBJC_MSGSEND = YES;
				GCC_C_LANGUAGE_STANDARD = gnu99;
				GCC_NO_COMMON_BLOCKS = YES;
				GCC_WARN_64_TO_32_BIT_CONVERSION = YES;
				GCC_WARN_ABOUT_RETURN_TYPE = YES_ERROR;
				GCC_WARN_UNDECLARED_SELECTOR = YES;
				GCC_WARN_UNINITIALIZED_AUTOS = YES_AGGRESSIVE;
				GCC_WARN_UNUSED_FUNCTION = YES;
				GCC_WARN_UNUSED_VARIABLE = YES;
				IPHONEOS_DEPLOYMENT_TARGET = 10.3;
				MTL_ENABLE_DEBUG_INFO = NO;
				SDKROOT = iphoneos;
				SWIFT_OPTIMIZATION_LEVEL = "-Owholemodule";
				TARGETED_DEVICE_FAMILY = "1,2";
				VALIDATE_PRODUCT = YES;
			};
			name = Release;
		};
		C7365F201F06F4DC00F7AFF3 /* Debug */ = {
			isa = XCBuildConfiguration;
			buildSettings = {
				ASSETCATALOG_COMPILER_APPICON_NAME = AppIcon;
				INFOPLIST_FILE = happyCat/Info.plist;
				LD_RUNPATH_SEARCH_PATHS = "$(inherited) @executable_path/Frameworks";
				PRODUCT_BUNDLE_IDENTIFIER = "-01-Create.happyCat";
				PRODUCT_NAME = "$(TARGET_NAME)";
				SWIFT_VERSION = 3.0;
			};
			name = Debug;
		};
		C7365F211F06F4DC00F7AFF3 /* Release */ = {
			isa = XCBuildConfiguration;
			buildSettings = {
				ASSETCATALOG_COMPILER_APPICON_NAME = AppIcon;
				INFOPLIST_FILE = happyCat/Info.plist;
				LD_RUNPATH_SEARCH_PATHS = "$(inherited) @executable_path/Frameworks";
				PRODUCT_BUNDLE_IDENTIFIER = "-01-Create.happyCat";
				PRODUCT_NAME = "$(TARGET_NAME)";
				SWIFT_VERSION = 3.0;
			};
			name = Release;
		};
		C7365F231F06F4DC00F7AFF3 /* Debug */ = {
			isa = XCBuildConfiguration;
			buildSettings = {
				ALWAYS_EMBED_SWIFT_STANDARD_LIBRARIES = YES;
				BUNDLE_LOADER = "$(TEST_HOST)";
				INFOPLIST_FILE = happyCatTests/Info.plist;
				LD_RUNPATH_SEARCH_PATHS = "$(inherited) @executable_path/Frameworks @loader_path/Frameworks";
				PRODUCT_BUNDLE_IDENTIFIER = "-01-Create.happyCatTests";
				PRODUCT_NAME = "$(TARGET_NAME)";
				SWIFT_VERSION = 3.0;
				TEST_HOST = "$(BUILT_PRODUCTS_DIR)/happyCat.app/happyCat";
			};
			name = Debug;
		};
		C7365F241F06F4DC00F7AFF3 /* Release */ = {
			isa = XCBuildConfiguration;
			buildSettings = {
				ALWAYS_EMBED_SWIFT_STANDARD_LIBRARIES = YES;
				BUNDLE_LOADER = "$(TEST_HOST)";
				INFOPLIST_FILE = happyCatTests/Info.plist;
				LD_RUNPATH_SEARCH_PATHS = "$(inherited) @executable_path/Frameworks @loader_path/Frameworks";
				PRODUCT_BUNDLE_IDENTIFIER = "-01-Create.happyCatTests";
				PRODUCT_NAME = "$(TARGET_NAME)";
				SWIFT_VERSION = 3.0;
				TEST_HOST = "$(BUILT_PRODUCTS_DIR)/happyCat.app/happyCat";
			};
			name = Release;
		};
		C7365F261F06F4DC00F7AFF3 /* Debug */ = {
			isa = XCBuildConfiguration;
			buildSettings = {
				ALWAYS_EMBED_SWIFT_STANDARD_LIBRARIES = YES;
				INFOPLIST_FILE = happyCatUITests/Info.plist;
				LD_RUNPATH_SEARCH_PATHS = "$(inherited) @executable_path/Frameworks @loader_path/Frameworks";
				PRODUCT_BUNDLE_IDENTIFIER = "-01-Create.happyCatUITests";
				PRODUCT_NAME = "$(TARGET_NAME)";
				SWIFT_VERSION = 3.0;
				TEST_TARGET_NAME = happyCat;
			};
			name = Debug;
		};
		C7365F271F06F4DC00F7AFF3 /* Release */ = {
			isa = XCBuildConfiguration;
			buildSettings = {
				ALWAYS_EMBED_SWIFT_STANDARD_LIBRARIES = YES;
				INFOPLIST_FILE = happyCatUITests/Info.plist;
				LD_RUNPATH_SEARCH_PATHS = "$(inherited) @executable_path/Frameworks @loader_path/Frameworks";
				PRODUCT_BUNDLE_IDENTIFIER = "-01-Create.happyCatUITests";
				PRODUCT_NAME = "$(TARGET_NAME)";
				SWIFT_VERSION = 3.0;
				TEST_TARGET_NAME = happyCat;
			};
			name = Release;
		};
/* End XCBuildConfiguration section */

/* Begin XCConfigurationList section */
		C7365EF21F06F4DC00F7AFF3 /* Build configuration list for PBXProject "happyCat" */ = {
			isa = XCConfigurationList;
			buildConfigurations = (
				C7365F1D1F06F4DC00F7AFF3 /* Debug */,
				C7365F1E1F06F4DC00F7AFF3 /* Release */,
			);
			defaultConfigurationIsVisible = 0;
			defaultConfigurationName = Release;
		};
		C7365F1F1F06F4DC00F7AFF3 /* Build configuration list for PBXNativeTarget "happyCat" */ = {
			isa = XCConfigurationList;
			buildConfigurations = (
				C7365F201F06F4DC00F7AFF3 /* Debug */,
				C7365F211F06F4DC00F7AFF3 /* Release */,
			);
			defaultConfigurationIsVisible = 0;
		};
		C7365F221F06F4DC00F7AFF3 /* Build configuration list for PBXNativeTarget "happyCatTests" */ = {
			isa = XCConfigurationList;
			buildConfigurations = (
				C7365F231F06F4DC00F7AFF3 /* Debug */,
				C7365F241F06F4DC00F7AFF3 /* Release */,
			);
			defaultConfigurationIsVisible = 0;
		};
		C7365F251F06F4DC00F7AFF3 /* Build configuration list for PBXNativeTarget "happyCatUITests" */ = {
			isa = XCConfigurationList;
			buildConfigurations = (
				C7365F261F06F4DC00F7AFF3 /* Debug */,
				C7365F271F06F4DC00F7AFF3 /* Release */,
			);
			defaultConfigurationIsVisible = 0;
		};
/* End XCConfigurationList section */
	};
	rootObject = C7365EEF1F06F4DC00F7AFF3 /* Project object */;
}
